
Microsoft Visual Studio Solution File, Format Version 12.00
# Visual Studio Version 17
VisualStudioVersion = 17.7.34024.191
MinimumVisualStudioVersion = 10.0.40219.1
Project("{FAE04EC0-301F-11D3-BF4B-00C04F79EFBC}") = "CharacterSheet_Rework", "CharacterSheet_Rework\CharacterSheet_Rework.csproj", "{06F199BA-426F-47D1-80BE-D6C3475FC268}"
EndProject
Global
	GlobalSection(SolutionConfigurationPlatforms) = preSolution
		Debug|Any CPU = Debug|Any CPU
		Release|Any CPU = Release|Any CPU
	EndGlobalSection
	GlobalSection(ProjectConfigurationPlatforms) = postSolution
		{06F199BA-426F-47D1-80BE-D6C3475FC268}.Debug|Any CPU.ActiveCfg = Debug|Any CPU
		{06F199BA-426F-47D1-80BE-D6C3475FC268}.Debug|Any CPU.Build.0 = Debug|Any CPU
		{06F199BA-426F-47D1-80BE-D6C3475FC268}.Release|Any CPU.ActiveCfg = Release|Any CPU
		{06F199BA-426F-47D1-80BE-D6C3475FC268}.Release|Any CPU.Build.0 = Release|Any CPU
	EndGlobalSection
	GlobalSection(SolutionProperties) = preSolution
		HideSolutionNode = FALSE
	EndGlobalSection
	GlobalSection(ExtensibilityGlobals) = postSolution
		SolutionGuid = {78250497-C6FB-4ACB-847C-72FD6554E7E5}
	EndGlobalSection
EndGlobal
